
Terraform used the selected providers to generate the following execution
plan. Resource actions are indicated with the following symbols:
  + create

Terraform will perform the following actions:

  # azurerm_linux_web_app.web will be created
  + resource "azurerm_linux_web_app" "web" {
      + client_affinity_enabled                        = false
      + client_certificate_enabled                     = false
      + client_certificate_mode                        = "Required"
      + custom_domain_verification_id                  = (sensitive value)
      + default_hostname                               = (known after apply)
      + enabled                                        = true
      + ftp_publish_basic_authentication_enabled       = true
      + hosting_environment_id                         = (known after apply)
      + https_only                                     = false
      + id                                             = (known after apply)
      + key_vault_reference_identity_id                = (known after apply)
      + kind                                           = (known after apply)
      + location                                       = "westeurope"
      + name                                           = "kingsila-app-web"
      + outbound_ip_address_list                       = (known after apply)
      + outbound_ip_addresses                          = (known after apply)
      + possible_outbound_ip_address_list              = (known after apply)
      + possible_outbound_ip_addresses                 = (known after apply)
      + public_network_access_enabled                  = true
      + resource_group_name                            = "rg-kingsila-dev"
      + service_plan_id                                = "/subscriptions/7fb0d5a2-5652-42fc-9480-79b57af445a4/resourceGroups/rg-kingsila-dev/providers/Microsoft.Web/serverFarms/kingsila-app-asp"
      + site_credential                                = (sensitive value)
      + virtual_network_backup_restore_enabled         = false
      + virtual_network_subnet_id                      = (known after apply)
      + vnet_image_pull_enabled                        = false
      + webdeploy_publish_basic_authentication_enabled = true
      + zip_deploy_file                                = (known after apply)

      + site_config {
          + always_on                               = true
          + container_registry_use_managed_identity = false
          + default_documents                       = (known after apply)
          + detailed_error_logging_enabled          = (known after apply)
          + ftps_state                              = "Disabled"
          + http2_enabled                           = false
          + ip_restriction_default_action           = "Allow"
          + linux_fx_version                        = (known after apply)
          + load_balancing_mode                     = "LeastRequests"
          + local_mysql_enabled                     = false
          + managed_pipeline_mode                   = "Integrated"
          + minimum_tls_version                     = "1.2"
          + remote_debugging_enabled                = false
          + remote_debugging_version                = (known after apply)
          + scm_ip_restriction_default_action       = "Allow"
          + scm_minimum_tls_version                 = "1.2"
          + scm_type                                = (known after apply)
          + scm_use_main_ip_restriction             = false
          + use_32_bit_worker                       = true
          + vnet_route_all_enabled                  = false
          + websockets_enabled                      = false
          + worker_count                            = (known after apply)

          + application_stack {
              + dotnet_version = "8.0"
            }
        }
    }

  # azurerm_subnet.appsvc will be created
  + resource "azurerm_subnet" "appsvc" {
      + address_prefixes                              = [
          + "10.10.20.0/27",
        ]
      + default_outbound_access_enabled               = true
      + id                                            = (known after apply)
      + name                                          = "snet-appsvc"
      + private_endpoint_network_policies             = "Disabled"
      + private_link_service_network_policies_enabled = true
      + resource_group_name                           = "rg-kingsila-dev"
      + virtual_network_name                          = "vnet-kingsila-dev"

      + delegation {
          + name = "appservice"

          + service_delegation {
              + actions = [
                  + "Microsoft.Network/virtualNetworks/subnets/action",
                ]
              + name    = "Microsoft.Web/serverFarms"
            }
        }
    }

  # module.nsg_app.azurerm_network_security_group.this will be created
  + resource "azurerm_network_security_group" "this" {
      + id                  = (known after apply)
      + location            = "westeurope"
      + name                = "nsg-app-dev"
      + resource_group_name = "rg-kingsila-dev"
      + security_rule       = (known after apply)
      + tags                = {
          + "environment" = "dev"
          + "owner"       = "KingSila"
          + "project"     = "CloudPortfolio"
        }
    }

  # module.nsg_app.azurerm_network_security_rule.allow_rdp will be created
  + resource "azurerm_network_security_rule" "allow_rdp" {
      + access                      = "Allow"
      + destination_address_prefix  = "*"
      + destination_port_range      = "3389"
      + direction                   = "Inbound"
      + id                          = (known after apply)
      + name                        = "Allow-RDP"
      + network_security_group_name = "nsg-app-dev"
      + priority                    = 110
      + protocol                    = "Tcp"
      + resource_group_name         = "rg-kingsila-dev"
      + source_address_prefix       = "192.168.18.3/32"
      + source_port_range           = "*"
    }

  # module.nsg_app.azurerm_network_security_rule.allow_ssh will be created
  + resource "azurerm_network_security_rule" "allow_ssh" {
      + access                      = "Allow"
      + destination_address_prefix  = "*"
      + destination_port_range      = "22"
      + direction                   = "Inbound"
      + id                          = (known after apply)
      + name                        = "Allow-SSH"
      + network_security_group_name = "nsg-app-dev"
      + priority                    = 100
      + protocol                    = "Tcp"
      + resource_group_name         = "rg-kingsila-dev"
      + source_address_prefix       = "192.168.18.3/32"
      + source_port_range           = "*"
    }

  # module.nsg_app.azurerm_subnet_network_security_group_association.assoc["app"] will be created
  + resource "azurerm_subnet_network_security_group_association" "assoc" {
      + id                        = (known after apply)
      + network_security_group_id = (known after apply)
      + subnet_id                 = (known after apply)
    }

  # module.nsg_app.azurerm_subnet_network_security_group_association.assoc["data"] will be created
  + resource "azurerm_subnet_network_security_group_association" "assoc" {
      + id                        = (known after apply)
      + network_security_group_id = (known after apply)
      + subnet_id                 = (known after apply)
    }

  # module.route_table.azurerm_route.internet_route will be created
  + resource "azurerm_route" "internet_route" {
      + address_prefix      = "0.0.0.0/0"
      + id                  = (known after apply)
      + name                = "InternetRoute"
      + next_hop_type       = "Internet"
      + resource_group_name = "rg-kingsila-dev"
      + route_table_name    = "dev-route-table"
    }

  # module.route_table.azurerm_route_table.this will be created
  + resource "azurerm_route_table" "this" {
      + bgp_route_propagation_enabled = true
      + id                            = (known after apply)
      + location                      = "westeurope"
      + name                          = "dev-route-table"
      + resource_group_name           = "rg-kingsila-dev"
      + route                         = (known after apply)
      + subnets                       = (known after apply)
      + tags                          = {
          + "environment" = "dev"
          + "owner"       = "KingSila"
          + "project"     = "CloudPortfolio"
        }
    }

  # module.route_table.azurerm_subnet_route_table_association.assoc["app"] will be created
  + resource "azurerm_subnet_route_table_association" "assoc" {
      + id             = (known after apply)
      + route_table_id = (known after apply)
      + subnet_id      = (known after apply)
    }

  # module.route_table.azurerm_subnet_route_table_association.assoc["data"] will be created
  + resource "azurerm_subnet_route_table_association" "assoc" {
      + id             = (known after apply)
      + route_table_id = (known after apply)
      + subnet_id      = (known after apply)
    }

  # module.vnet.azurerm_subnet.subnets["app"] will be created
  + resource "azurerm_subnet" "subnets" {
      + address_prefixes                              = [
          + "10.10.1.0/24",
        ]
      + default_outbound_access_enabled               = true
      + id                                            = (known after apply)
      + name                                          = "app"
      + private_endpoint_network_policies             = "Disabled"
      + private_link_service_network_policies_enabled = true
      + resource_group_name                           = "rg-kingsila-dev"
      + virtual_network_name                          = "vnet-kingsila-dev"
    }

  # module.vnet.azurerm_subnet.subnets["data"] will be created
  + resource "azurerm_subnet" "subnets" {
      + address_prefixes                              = [
          + "10.10.2.0/24",
        ]
      + default_outbound_access_enabled               = true
      + id                                            = (known after apply)
      + name                                          = "data"
      + private_endpoint_network_policies             = "Disabled"
      + private_link_service_network_policies_enabled = true
      + resource_group_name                           = "rg-kingsila-dev"
      + virtual_network_name                          = "vnet-kingsila-dev"
    }

  # module.vnet.azurerm_virtual_network.vnet will be created
  + resource "azurerm_virtual_network" "vnet" {
      + address_space                  = [
          + "10.10.0.0/16",
        ]
      + dns_servers                    = (known after apply)
      + guid                           = (known after apply)
      + id                             = (known after apply)
      + location                       = "westeurope"
      + name                           = "vnet-kingsila-dev"
      + private_endpoint_vnet_policies = "Disabled"
      + resource_group_name            = "rg-kingsila-dev"
      + subnet                         = (known after apply)
      + tags                           = {
          + "environment" = "dev"
          + "owner"       = "KingSila"
          + "project"     = "CloudPortfolio"
        }
    }

Plan: 14 to add, 0 to change, 0 to destroy.

Changes to Outputs:
  + webapp_name                     = "kingsila-app-web"
  + webapp_url                      = (known after apply)
